{
  "name": "@epic-web/totp",
  "version": "0.0.0-semantically-released",
  "lockfileVersion": 2,
  "requires": true,
  "packages": {
    "": {
      "name": "@epic-web/totp",
      "version": "0.0.0-semantically-released",
      "license": "MIT",
      "dependencies": {
        "base32-decode": "^1.0.0",
        "base32-encode": "^2.0.0"
      },
      "devDependencies": {
        "@types/node": "^20.4.5"
      },
      "engines": {
        "node": ">=18"
      }
    },
    "node_modules/@types/node": {
      "version": "20.4.5",
      "resolved": "https://registry.npmjs.org/@types/node/-/node-20.4.5.tgz",
      "integrity": "sha512-rt40Nk13II9JwQBdeYqmbn2Q6IVTA5uPhvSO+JVqdXw/6/4glI6oR9ezty/A9Hg5u7JH4OmYmuQ+XvjKm0Datg==",
      "dev": true
    },
    "node_modules/base32-decode": {
      "version": "1.0.0",
      "resolved": "https://registry.npmjs.org/base32-decode/-/base32-decode-1.0.0.tgz",
      "integrity": "sha512-KNWUX/R7wKenwE/G/qFMzGScOgVntOmbE27vvc6GrniDGYb6a5+qWcuoXl8WIOQL7q0TpK7nZDm1Y04Yi3Yn5g==",
      "license": "MIT"
    },
    "node_modules/base32-encode": {
      "version": "2.0.0",
      "resolved": "https://registry.npmjs.org/base32-encode/-/base32-encode-2.0.0.tgz",
      "integrity": "sha512-mlmkfc2WqdDtMl/id4qm3A7RjW6jxcbAoMjdRmsPiwQP0ufD4oXItYMnPgVHe80lnAIy+1xwzhHE1s4FoIceSw==",
      "license": "MIT",
      "dependencies": {
        "to-data-view": "^2.0.0"
      },
      "engines": {
        "node": "^12.20.0 || ^14.13.1 || >=16.0.0"
      }
    },
    "node_modules/to-data-view": {
      "version": "2.0.0",
      "resolved": "https://registry.npmjs.org/to-data-view/-/to-data-view-2.0.0.tgz",
      "integrity": "sha512-RGEM5KqlPHr+WVTPmGNAXNeFEmsBnlkxXaIfEpUYV0AST2Z5W1EGq9L/MENFrMMmL2WQr1wjkmZy/M92eKhjYA==",
      "license": "MIT",
      "engines": {
        "node": "^12.20.0 || ^14.13.1 || >=16.0.0"
      }
    }
  },
  "dependencies": {
    "@types/node": {
      "version": "20.4.5",
      "resolved": "https://registry.npmjs.org/@types/node/-/node-20.4.5.tgz",
      "integrity": "sha512-rt40Nk13II9JwQBdeYqmbn2Q6IVTA5uPhvSO+JVqdXw/6/4glI6oR9ezty/A9Hg5u7JH4OmYmuQ+XvjKm0Datg==",
      "dev": true
    },
    "base32-decode": {
      "version": "1.0.0",
      "resolved": "https://registry.npmjs.org/base32-decode/-/base32-decode-1.0.0.tgz",
      "integrity": "sha512-KNWUX/R7wKenwE/G/qFMzGScOgVntOmbE27vvc6GrniDGYb6a5+qWcuoXl8WIOQL7q0TpK7nZDm1Y04Yi3Yn5g=="
    },
    "base32-encode": {
      "version": "2.0.0",
      "resolved": "https://registry.npmjs.org/base32-encode/-/base32-encode-2.0.0.tgz",
      "integrity": "sha512-mlmkfc2WqdDtMl/id4qm3A7RjW6jxcbAoMjdRmsPiwQP0ufD4oXItYMnPgVHe80lnAIy+1xwzhHE1s4FoIceSw==",
      "requires": {
        "to-data-view": "^2.0.0"
      }
    },
    "to-data-view": {
      "version": "2.0.0",
      "resolved": "https://registry.npmjs.org/to-data-view/-/to-data-view-2.0.0.tgz",
      "integrity": "sha512-RGEM5KqlPHr+WVTPmGNAXNeFEmsBnlkxXaIfEpUYV0AST2Z5W1EGq9L/MENFrMMmL2WQr1wjkmZy/M92eKhjYA=="
    }
  }
}
